
Microsoft Visual Studio Solution File, Format Version 12.00
# Visual Studio Version 17
VisualStudioVersion = 17.11.35327.3
MinimumVisualStudioVersion = 10.0.40219.1
Project("{8BC9CEB8-8B4A-11D0-8D11-00A0C91BC942}") = "DataStructure", "DataStructure\DataStructure.vcxproj", "{9180CE82-E955-428A-AD41-525F462ED714}"
EndProject
Project("{8BC9CEB8-8B4A-11D0-8D11-00A0C91BC942}") = "Chapter2", "Chapter2\Chapter2.vcxproj", "{50DCB7E9-55C0-40DF-8DBF-F542CB49DDFE}"
EndProject
Project("{8BC9CEB8-8B4A-11D0-8D11-00A0C91BC942}") = "Project2_1", "Project2_1\Project2_1.vcxproj", "{4FD218FC-06C8-4344-A194-FE0CCA72A951}"
EndProject
Project("{8BC9CEB8-8B4A-11D0-8D11-00A0C91BC942}") = "Project2_2", "Project2_2\Project2_2.vcxproj", "{B839CDAD-AEE1-44FE-8A71-58340AE52446}"
EndProject
Project("{8BC9CEB8-8B4A-11D0-8D11-00A0C91BC942}") = "Chapter3", "Chapter3\Chapter3.vcxproj", "{069376D1-A8DC-4163-A6DE-F073502F21F2}"
EndProject
Project("{8BC9CEB8-8B4A-11D0-8D11-00A0C91BC942}") = "Project3_1", "Project3_1\Project3_1.vcxproj", "{F4EE51DF-6259-47A3-B735-53A57B19D44A}"
EndProject
Project("{8BC9CEB8-8B4A-11D0-8D11-00A0C91BC942}") = "Project3_2", "Project3_2\Project3_2.vcxproj", "{207F8EF2-1D42-4553-B3B0-63320958A5EF}"
EndProject
Project("{8BC9CEB8-8B4A-11D0-8D11-00A0C91BC942}") = "Project3_4", "Project3_4\Project3_4.vcxproj", "{B2DD68E6-D1A3-463D-8360-F67D7F0F7287}"
EndProject
Project("{8BC9CEB8-8B4A-11D0-8D11-00A0C91BC942}") = "Chapter4_1", "Chapter4_1\Chapter4_1.vcxproj", "{4F6F266E-2664-4841-9512-234BA33B70B0}"
EndProject
Project("{8BC9CEB8-8B4A-11D0-8D11-00A0C91BC942}") = "Chapter4_2", "Chapter4_2\Chapter4_2.vcxproj", "{4E033721-8074-42A2-926F-8D5D3D4862CC}"
EndProject
Project("{8BC9CEB8-8B4A-11D0-8D11-00A0C91BC942}") = "Chapter4_3", "Chapter4_3\Chapter4_3.vcxproj", "{86DDA0FA-F069-480E-8ED8-EAC6A858D698}"
EndProject
Global
	GlobalSection(SolutionConfigurationPlatforms) = preSolution
		Debug|x64 = Debug|x64
		Debug|x86 = Debug|x86
		Release|x64 = Release|x64
		Release|x86 = Release|x86
	EndGlobalSection
	GlobalSection(ProjectConfigurationPlatforms) = postSolution
		{9180CE82-E955-428A-AD41-525F462ED714}.Debug|x64.ActiveCfg = Debug|x64
		{9180CE82-E955-428A-AD41-525F462ED714}.Debug|x64.Build.0 = Debug|x64
		{9180CE82-E955-428A-AD41-525F462ED714}.Debug|x86.ActiveCfg = Debug|Win32
		{9180CE82-E955-428A-AD41-525F462ED714}.Debug|x86.Build.0 = Debug|Win32
		{9180CE82-E955-428A-AD41-525F462ED714}.Release|x64.ActiveCfg = Release|x64
		{9180CE82-E955-428A-AD41-525F462ED714}.Release|x64.Build.0 = Release|x64
		{9180CE82-E955-428A-AD41-525F462ED714}.Release|x86.ActiveCfg = Release|Win32
		{9180CE82-E955-428A-AD41-525F462ED714}.Release|x86.Build.0 = Release|Win32
		{50DCB7E9-55C0-40DF-8DBF-F542CB49DDFE}.Debug|x64.ActiveCfg = Debug|x64
		{50DCB7E9-55C0-40DF-8DBF-F542CB49DDFE}.Debug|x64.Build.0 = Debug|x64
		{50DCB7E9-55C0-40DF-8DBF-F542CB49DDFE}.Debug|x86.ActiveCfg = Debug|Win32
		{50DCB7E9-55C0-40DF-8DBF-F542CB49DDFE}.Debug|x86.Build.0 = Debug|Win32
		{50DCB7E9-55C0-40DF-8DBF-F542CB49DDFE}.Release|x64.ActiveCfg = Release|x64
		{50DCB7E9-55C0-40DF-8DBF-F542CB49DDFE}.Release|x64.Build.0 = Release|x64
		{50DCB7E9-55C0-40DF-8DBF-F542CB49DDFE}.Release|x86.ActiveCfg = Release|Win32
		{50DCB7E9-55C0-40DF-8DBF-F542CB49DDFE}.Release|x86.Build.0 = Release|Win32
		{4FD218FC-06C8-4344-A194-FE0CCA72A951}.Debug|x64.ActiveCfg = Debug|x64
		{4FD218FC-06C8-4344-A194-FE0CCA72A951}.Debug|x64.Build.0 = Debug|x64
		{4FD218FC-06C8-4344-A194-FE0CCA72A951}.Debug|x86.ActiveCfg = Debug|Win32
		{4FD218FC-06C8-4344-A194-FE0CCA72A951}.Debug|x86.Build.0 = Debug|Win32
		{4FD218FC-06C8-4344-A194-FE0CCA72A951}.Release|x64.ActiveCfg = Release|x64
		{4FD218FC-06C8-4344-A194-FE0CCA72A951}.Release|x64.Build.0 = Release|x64
		{4FD218FC-06C8-4344-A194-FE0CCA72A951}.Release|x86.ActiveCfg = Release|Win32
		{4FD218FC-06C8-4344-A194-FE0CCA72A951}.Release|x86.Build.0 = Release|Win32
		{B839CDAD-AEE1-44FE-8A71-58340AE52446}.Debug|x64.ActiveCfg = Debug|x64
		{B839CDAD-AEE1-44FE-8A71-58340AE52446}.Debug|x64.Build.0 = Debug|x64
		{B839CDAD-AEE1-44FE-8A71-58340AE52446}.Debug|x86.ActiveCfg = Debug|Win32
		{B839CDAD-AEE1-44FE-8A71-58340AE52446}.Debug|x86.Build.0 = Debug|Win32
		{B839CDAD-AEE1-44FE-8A71-58340AE52446}.Release|x64.ActiveCfg = Release|x64
		{B839CDAD-AEE1-44FE-8A71-58340AE52446}.Release|x64.Build.0 = Release|x64
		{B839CDAD-AEE1-44FE-8A71-58340AE52446}.Release|x86.ActiveCfg = Release|Win32
		{B839CDAD-AEE1-44FE-8A71-58340AE52446}.Release|x86.Build.0 = Release|Win32
		{069376D1-A8DC-4163-A6DE-F073502F21F2}.Debug|x64.ActiveCfg = Debug|x64
		{069376D1-A8DC-4163-A6DE-F073502F21F2}.Debug|x64.Build.0 = Debug|x64
		{069376D1-A8DC-4163-A6DE-F073502F21F2}.Debug|x86.ActiveCfg = Debug|Win32
		{069376D1-A8DC-4163-A6DE-F073502F21F2}.Debug|x86.Build.0 = Debug|Win32
		{069376D1-A8DC-4163-A6DE-F073502F21F2}.Release|x64.ActiveCfg = Release|x64
		{069376D1-A8DC-4163-A6DE-F073502F21F2}.Release|x64.Build.0 = Release|x64
		{069376D1-A8DC-4163-A6DE-F073502F21F2}.Release|x86.ActiveCfg = Release|Win32
		{069376D1-A8DC-4163-A6DE-F073502F21F2}.Release|x86.Build.0 = Release|Win32
		{F4EE51DF-6259-47A3-B735-53A57B19D44A}.Debug|x64.ActiveCfg = Debug|x64
		{F4EE51DF-6259-47A3-B735-53A57B19D44A}.Debug|x64.Build.0 = Debug|x64
		{F4EE51DF-6259-47A3-B735-53A57B19D44A}.Debug|x86.ActiveCfg = Debug|Win32
		{F4EE51DF-6259-47A3-B735-53A57B19D44A}.Debug|x86.Build.0 = Debug|Win32
		{F4EE51DF-6259-47A3-B735-53A57B19D44A}.Release|x64.ActiveCfg = Release|x64
		{F4EE51DF-6259-47A3-B735-53A57B19D44A}.Release|x64.Build.0 = Release|x64
		{F4EE51DF-6259-47A3-B735-53A57B19D44A}.Release|x86.ActiveCfg = Release|Win32
		{F4EE51DF-6259-47A3-B735-53A57B19D44A}.Release|x86.Build.0 = Release|Win32
		{207F8EF2-1D42-4553-B3B0-63320958A5EF}.Debug|x64.ActiveCfg = Debug|x64
		{207F8EF2-1D42-4553-B3B0-63320958A5EF}.Debug|x64.Build.0 = Debug|x64
		{207F8EF2-1D42-4553-B3B0-63320958A5EF}.Debug|x86.ActiveCfg = Debug|Win32
		{207F8EF2-1D42-4553-B3B0-63320958A5EF}.Debug|x86.Build.0 = Debug|Win32
		{207F8EF2-1D42-4553-B3B0-63320958A5EF}.Release|x64.ActiveCfg = Release|x64
		{207F8EF2-1D42-4553-B3B0-63320958A5EF}.Release|x64.Build.0 = Release|x64
		{207F8EF2-1D42-4553-B3B0-63320958A5EF}.Release|x86.ActiveCfg = Release|Win32
		{207F8EF2-1D42-4553-B3B0-63320958A5EF}.Release|x86.Build.0 = Release|Win32
		{B2DD68E6-D1A3-463D-8360-F67D7F0F7287}.Debug|x64.ActiveCfg = Debug|x64
		{B2DD68E6-D1A3-463D-8360-F67D7F0F7287}.Debug|x64.Build.0 = Debug|x64
		{B2DD68E6-D1A3-463D-8360-F67D7F0F7287}.Debug|x86.ActiveCfg = Debug|Win32
		{B2DD68E6-D1A3-463D-8360-F67D7F0F7287}.Debug|x86.Build.0 = Debug|Win32
		{B2DD68E6-D1A3-463D-8360-F67D7F0F7287}.Release|x64.ActiveCfg = Release|x64
		{B2DD68E6-D1A3-463D-8360-F67D7F0F7287}.Release|x64.Build.0 = Release|x64
		{B2DD68E6-D1A3-463D-8360-F67D7F0F7287}.Release|x86.ActiveCfg = Release|Win32
		{B2DD68E6-D1A3-463D-8360-F67D7F0F7287}.Release|x86.Build.0 = Release|Win32
		{4F6F266E-2664-4841-9512-234BA33B70B0}.Debug|x64.ActiveCfg = Debug|x64
		{4F6F266E-2664-4841-9512-234BA33B70B0}.Debug|x64.Build.0 = Debug|x64
		{4F6F266E-2664-4841-9512-234BA33B70B0}.Debug|x86.ActiveCfg = Debug|Win32
		{4F6F266E-2664-4841-9512-234BA33B70B0}.Debug|x86.Build.0 = Debug|Win32
		{4F6F266E-2664-4841-9512-234BA33B70B0}.Release|x64.ActiveCfg = Release|x64
		{4F6F266E-2664-4841-9512-234BA33B70B0}.Release|x64.Build.0 = Release|x64
		{4F6F266E-2664-4841-9512-234BA33B70B0}.Release|x86.ActiveCfg = Release|Win32
		{4F6F266E-2664-4841-9512-234BA33B70B0}.Release|x86.Build.0 = Release|Win32
		{4E033721-8074-42A2-926F-8D5D3D4862CC}.Debug|x64.ActiveCfg = Debug|x64
		{4E033721-8074-42A2-926F-8D5D3D4862CC}.Debug|x64.Build.0 = Debug|x64
		{4E033721-8074-42A2-926F-8D5D3D4862CC}.Debug|x86.ActiveCfg = Debug|Win32
		{4E033721-8074-42A2-926F-8D5D3D4862CC}.Debug|x86.Build.0 = Debug|Win32
		{4E033721-8074-42A2-926F-8D5D3D4862CC}.Release|x64.ActiveCfg = Release|x64
		{4E033721-8074-42A2-926F-8D5D3D4862CC}.Release|x64.Build.0 = Release|x64
		{4E033721-8074-42A2-926F-8D5D3D4862CC}.Release|x86.ActiveCfg = Release|Win32
		{4E033721-8074-42A2-926F-8D5D3D4862CC}.Release|x86.Build.0 = Release|Win32
		{86DDA0FA-F069-480E-8ED8-EAC6A858D698}.Debug|x64.ActiveCfg = Debug|x64
		{86DDA0FA-F069-480E-8ED8-EAC6A858D698}.Debug|x64.Build.0 = Debug|x64
		{86DDA0FA-F069-480E-8ED8-EAC6A858D698}.Debug|x86.ActiveCfg = Debug|Win32
		{86DDA0FA-F069-480E-8ED8-EAC6A858D698}.Debug|x86.Build.0 = Debug|Win32
		{86DDA0FA-F069-480E-8ED8-EAC6A858D698}.Release|x64.ActiveCfg = Release|x64
		{86DDA0FA-F069-480E-8ED8-EAC6A858D698}.Release|x64.Build.0 = Release|x64
		{86DDA0FA-F069-480E-8ED8-EAC6A858D698}.Release|x86.ActiveCfg = Release|Win32
		{86DDA0FA-F069-480E-8ED8-EAC6A858D698}.Release|x86.Build.0 = Release|Win32
	EndGlobalSection
	GlobalSection(SolutionProperties) = preSolution
		HideSolutionNode = FALSE
	EndGlobalSection
	GlobalSection(ExtensibilityGlobals) = postSolution
		SolutionGuid = {91121A15-F02F-4AAA-A092-2F3EE8A75C91}
	EndGlobalSection
EndGlobal
